
Microsoft Visual Studio Solution File, Format Version 12.00
# Visual Studio Version 17
VisualStudioVersion = 17.5.002.0
MinimumVisualStudioVersion = 10.0.40219.1
Project("{2150E333-8FDC-42A3-9474-1A3956D46DE8}") = "src", "src", "{21730ACF-66F9-45AF-B56B-B389981C2DA1}"
EndProject
Project("{9A19103F-16F7-4668-BE54-9A1E7A4F7556}") = "API", "src\API\API.csproj", "{C54CEE97-ACCB-410D-B284-1F0F4A8BECB7}"
EndProject
Global
	GlobalSection(SolutionConfigurationPlatforms) = preSolution
		Debug|Any CPU = Debug|Any CPU
		Release|Any CPU = Release|Any CPU
	EndGlobalSection
	GlobalSection(ProjectConfigurationPlatforms) = postSolution
		{C54CEE97-ACCB-410D-B284-1F0F4A8BECB7}.Debug|Any CPU.ActiveCfg = Debug|Any CPU
		{C54CEE97-ACCB-410D-B284-1F0F4A8BECB7}.Debug|Any CPU.Build.0 = Debug|Any CPU
		{C54CEE97-ACCB-410D-B284-1F0F4A8BECB7}.Release|Any CPU.ActiveCfg = Release|Any CPU
		{C54CEE97-ACCB-410D-B284-1F0F4A8BECB7}.Release|Any CPU.Build.0 = Release|Any CPU
	EndGlobalSection
	GlobalSection(SolutionProperties) = preSolution
		HideSolutionNode = FALSE
	EndGlobalSection
	GlobalSection(NestedProjects) = preSolution
		{C54CEE97-ACCB-410D-B284-1F0F4A8BECB7} = {21730ACF-66F9-45AF-B56B-B389981C2DA1}
	EndGlobalSection
	GlobalSection(ExtensibilityGlobals) = postSolution
		SolutionGuid = {79139508-D008-4B33-8FA3-B429EEA7C224}
	EndGlobalSection
EndGlobal
